
Microsoft Visual Studio Solution File, Format Version 12.00
# Visual Studio Version 17
VisualStudioVersion = 17.8.34525.116
MinimumVisualStudioVersion = 10.0.40219.1
Project("{9A19103F-16F7-4668-BE54-9A1E7A4F7556}") = "Caderno de Notas NoSQL", "Caderno de Receitas NoSQL\Caderno de Notas NoSQL.csproj", "{EC297571-B4F6-4C15-B719-994F13B287FF}"
EndProject
Global
	GlobalSection(SolutionConfigurationPlatforms) = preSolution
		Debug|Any CPU = Debug|Any CPU
		Release|Any CPU = Release|Any CPU
	EndGlobalSection
	GlobalSection(ProjectConfigurationPlatforms) = postSolution
		{EC297571-B4F6-4C15-B719-994F13B287FF}.Debug|Any CPU.ActiveCfg = Debug|Any CPU
		{EC297571-B4F6-4C15-B719-994F13B287FF}.Debug|Any CPU.Build.0 = Debug|Any CPU
		{EC297571-B4F6-4C15-B719-994F13B287FF}.Release|Any CPU.ActiveCfg = Release|Any CPU
		{EC297571-B4F6-4C15-B719-994F13B287FF}.Release|Any CPU.Build.0 = Release|Any CPU
	EndGlobalSection
	GlobalSection(SolutionProperties) = preSolution
		HideSolutionNode = FALSE
	EndGlobalSection
	GlobalSection(ExtensibilityGlobals) = postSolution
		SolutionGuid = {E988B6A0-36A1-4D99-B27D-426C45B019BB}
	EndGlobalSection
EndGlobal
